// !$*UTF8*$!
{
	archiveVersion = 1;
	classes = {
	};
	objectVersion = 55;
	objects = {

/* Begin PBXBuildFile section */
		0994B81DDB99D334F4A9366B /* libPods-Falabella-Challenge.a in Frameworks */ = {isa = PBXBuildFile; fileRef = 3AA53E084F94E29040CA2324 /* libPods-Falabella-Challenge.a */; };
		3364A513279F77E20045C983 /* AppDelegate.swift in Sources */ = {isa = PBXBuildFile; fileRef = 3364A512279F77E20045C983 /* AppDelegate.swift */; };
		3364A515279F77E20045C983 /* SceneDelegate.swift in Sources */ = {isa = PBXBuildFile; fileRef = 3364A514279F77E20045C983 /* SceneDelegate.swift */; };
		3364A517279F77E20045C983 /* MainViewController.swift in Sources */ = {isa = PBXBuildFile; fileRef = 3364A516279F77E20045C983 /* MainViewController.swift */; };
		3364A51A279F77E20045C983 /* Main.storyboard in Resources */ = {isa = PBXBuildFile; fileRef = 3364A518279F77E20045C983 /* Main.storyboard */; };
		3364A51C279F77E40045C983 /* Assets.xcassets in Resources */ = {isa = PBXBuildFile; fileRef = 3364A51B279F77E40045C983 /* Assets.xcassets */; };
		3364A51F279F77E40045C983 /* LaunchScreen.storyboard in Resources */ = {isa = PBXBuildFile; fileRef = 3364A51D279F77E40045C983 /* LaunchScreen.storyboard */; };
		33D3A45827A1F22600732B17 /* AppFalabellaCoordinator.swift in Sources */ = {isa = PBXBuildFile; fileRef = 33D3A45727A1F22600732B17 /* AppFalabellaCoordinator.swift */; };
		33D3A45C27A2261200732B17 /* MainPresenter.swift in Sources */ = {isa = PBXBuildFile; fileRef = 33D3A45B27A2261200732B17 /* MainPresenter.swift */; };
/* End PBXBuildFile section */

/* Begin PBXFileReference section */
		3364A50F279F77E20045C983 /* Falabella-Challenge.app */ = {isa = PBXFileReference; explicitFileType = wrapper.application; includeInIndex = 0; path = "Falabella-Challenge.app"; sourceTree = BUILT_PRODUCTS_DIR; };
		3364A512279F77E20045C983 /* AppDelegate.swift */ = {isa = PBXFileReference; lastKnownFileType = sourcecode.swift; path = AppDelegate.swift; sourceTree = "<group>"; };
		3364A514279F77E20045C983 /* SceneDelegate.swift */ = {isa = PBXFileReference; lastKnownFileType = sourcecode.swift; path = SceneDelegate.swift; sourceTree = "<group>"; };
		3364A516279F77E20045C983 /* MainViewController.swift */ = {isa = PBXFileReference; lastKnownFileType = sourcecode.swift; path = MainViewController.swift; sourceTree = "<group>"; };
		3364A519279F77E20045C983 /* Base */ = {isa = PBXFileReference; lastKnownFileType = file.storyboard; name = Base; path = Base.lproj/Main.storyboard; sourceTree = "<group>"; };
		3364A51B279F77E40045C983 /* Assets.xcassets */ = {isa = PBXFileReference; lastKnownFileType = folder.assetcatalog; path = Assets.xcassets; sourceTree = "<group>"; };
		3364A51E279F77E40045C983 /* Base */ = {isa = PBXFileReference; lastKnownFileType = file.storyboard; name = Base; path = Base.lproj/LaunchScreen.storyboard; sourceTree = "<group>"; };
		3364A520279F77E40045C983 /* Info.plist */ = {isa = PBXFileReference; lastKnownFileType = text.plist.xml; path = Info.plist; sourceTree = "<group>"; };
		33D3A45727A1F22600732B17 /* AppFalabellaCoordinator.swift */ = {isa = PBXFileReference; lastKnownFileType = sourcecode.swift; path = AppFalabellaCoordinator.swift; sourceTree = "<group>"; };
		33D3A45B27A2261200732B17 /* MainPresenter.swift */ = {isa = PBXFileReference; lastKnownFileType = sourcecode.swift; path = MainPresenter.swift; sourceTree = "<group>"; };
		3AA53E084F94E29040CA2324 /* libPods-Falabella-Challenge.a */ = {isa = PBXFileReference; explicitFileType = archive.ar; includeInIndex = 0; path = "libPods-Falabella-Challenge.a"; sourceTree = BUILT_PRODUCTS_DIR; };
		420D281B76347F005B83E2E2 /* Pods-Falabella-Challenge.debug.xcconfig */ = {isa = PBXFileReference; includeInIndex = 1; lastKnownFileType = text.xcconfig; name = "Pods-Falabella-Challenge.debug.xcconfig"; path = "Target Support Files/Pods-Falabella-Challenge/Pods-Falabella-Challenge.debug.xcconfig"; sourceTree = "<group>"; };
		4E94AC06E4F04AFD4841D367 /* Pods-Falabella-Challenge.release.xcconfig */ = {isa = PBXFileReference; includeInIndex = 1; lastKnownFileType = text.xcconfig; name = "Pods-Falabella-Challenge.release.xcconfig"; path = "Target Support Files/Pods-Falabella-Challenge/Pods-Falabella-Challenge.release.xcconfig"; sourceTree = "<group>"; };
/* End PBXFileReference section */

/* Begin PBXFrameworksBuildPhase section */
		3364A50C279F77E20045C983 /* Frameworks */ = {
			isa = PBXFrameworksBuildPhase;
			buildActionMask = 2147483647;
			files = (
				0994B81DDB99D334F4A9366B /* libPods-Falabella-Challenge.a in Frameworks */,
			);
			runOnlyForDeploymentPostprocessing = 0;
		};
/* End PBXFrameworksBuildPhase section */

/* Begin PBXGroup section */
		3364A506279F77E20045C983 = {
			isa = PBXGroup;
			children = (
				3364A511279F77E20045C983 /* Falabella-Challenge */,
				3364A510279F77E20045C983 /* Products */,
				F3FE2BD781E6F07B2F598D77 /* Pods */,
				7F952099EC6A05E431389EA3 /* Frameworks */,
			);
			sourceTree = "<group>";
		};
		3364A510279F77E20045C983 /* Products */ = {
			isa = PBXGroup;
			children = (
				3364A50F279F77E20045C983 /* Falabella-Challenge.app */,
			);
			name = Products;
			sourceTree = "<group>";
		};
		3364A511279F77E20045C983 /* Falabella-Challenge */ = {
			isa = PBXGroup;
			children = (
				33D3A45627A1F1E000732B17 /* Coordinator */,
				33D3A45A27A224C500732B17 /* Scenes */,
				33D3A45927A2012600732B17 /* Resources */,
				3364A512279F77E20045C983 /* AppDelegate.swift */,
				3364A514279F77E20045C983 /* SceneDelegate.swift */,
				3364A518279F77E20045C983 /* Main.storyboard */,
				3364A51D279F77E40045C983 /* LaunchScreen.storyboard */,
				3364A520279F77E40045C983 /* Info.plist */,
			);
			path = "Falabella-Challenge";
			sourceTree = "<group>";
		};
		33D3A45627A1F1E000732B17 /* Coordinator */ = {
			isa = PBXGroup;
			children = (
				33D3A45727A1F22600732B17 /* AppFalabellaCoordinator.swift */,
			);
			path = Coordinator;
			sourceTree = "<group>";
		};
		33D3A45927A2012600732B17 /* Resources */ = {
			isa = PBXGroup;
			children = (
				3364A51B279F77E40045C983 /* Assets.xcassets */,
			);
			path = Resources;
			sourceTree = "<group>";
		};
		33D3A45A27A224C500732B17 /* Scenes */ = {
			isa = PBXGroup;
			children = (
				3364A516279F77E20045C983 /* MainViewController.swift */,
				33D3A45B27A2261200732B17 /* MainPresenter.swift */,
			);
			path = Scenes;
			sourceTree = "<group>";
		};
		7F952099EC6A05E431389EA3 /* Frameworks */ = {
			isa = PBXGroup;
			children = (
				3AA53E084F94E29040CA2324 /* libPods-Falabella-Challenge.a */,
			);
			name = Frameworks;
			sourceTree = "<group>";
		};
		F3FE2BD781E6F07B2F598D77 /* Pods */ = {
			isa = PBXGroup;
			children = (
				420D281B76347F005B83E2E2 /* Pods-Falabella-Challenge.debug.xcconfig */,
				4E94AC06E4F04AFD4841D367 /* Pods-Falabella-Challenge.release.xcconfig */,
			);
			path = Pods;
			sourceTree = "<group>";
		};
/* End PBXGroup section */

/* Begin PBXNativeTarget section */
		3364A50E279F77E20045C983 /* Falabella-Challenge */ = {
			isa = PBXNativeTarget;
			buildConfigurationList = 3364A523279F77E40045C983 /* Build configuration list for PBXNativeTarget "Falabella-Challenge" */;
			buildPhases = (
				628095842F9D8E54DA7B3DF7 /* [CP] Check Pods Manifest.lock */,
				3364A50B279F77E20045C983 /* Sources */,
				3364A50C279F77E20045C983 /* Frameworks */,
				3364A50D279F77E20045C983 /* Resources */,
			);
			buildRules = (
			);
			dependencies = (
			);
			name = "Falabella-Challenge";
			productName = "Falabella-Challenge";
			productReference = 3364A50F279F77E20045C983 /* Falabella-Challenge.app */;
			productType = "com.apple.product-type.application";
		};
/* End PBXNativeTarget section */

/* Begin PBXProject section */
		3364A507279F77E20045C983 /* Project object */ = {
			isa = PBXProject;
			attributes = {
				BuildIndependentTargetsInParallel = 1;
				LastSwiftUpdateCheck = 1300;
				LastUpgradeCheck = 1300;
				TargetAttributes = {
					3364A50E279F77E20045C983 = {
						CreatedOnToolsVersion = 13.0;
					};
				};
			};
			buildConfigurationList = 3364A50A279F77E20045C983 /* Build configuration list for PBXProject "Falabella-Challenge" */;
			compatibilityVersion = "Xcode 13.0";
			developmentRegion = en;
			hasScannedForEncodings = 0;
			knownRegions = (
				en,
				Base,
			);
			mainGroup = 3364A506279F77E20045C983;
			productRefGroup = 3364A510279F77E20045C983 /* Products */;
			projectDirPath = "";
			projectRoot = "";
			targets = (
				3364A50E279F77E20045C983 /* Falabella-Challenge */,
			);
		};
/* End PBXProject section */

/* Begin PBXResourcesBuildPhase section */
		3364A50D279F77E20045C983 /* Resources */ = {
			isa = PBXResourcesBuildPhase;
			buildActionMask = 2147483647;
			files = (
				3364A51F279F77E40045C983 /* LaunchScreen.storyboard in Resources */,
				3364A51C279F77E40045C983 /* Assets.xcassets in Resources */,
				3364A51A279F77E20045C983 /* Main.storyboard in Resources */,
			);
			runOnlyForDeploymentPostprocessing = 0;
		};
/* End PBXResourcesBuildPhase section */

/* Begin PBXShellScriptBuildPhase section */
		628095842F9D8E54DA7B3DF7 /* [CP] Check Pods Manifest.lock */ = {
			isa = PBXShellScriptBuildPhase;
			buildActionMask = 2147483647;
			files = (
			);
			inputFileListPaths = (
			);
			inputPaths = (
				"${PODS_PODFILE_DIR_PATH}/Podfile.lock",
				"${PODS_ROOT}/Manifest.lock",
			);
			name = "[CP] Check Pods Manifest.lock";
			outputFileListPaths = (
			);
			outputPaths = (
				"$(DERIVED_FILE_DIR)/Pods-Falabella-Challenge-checkManifestLockResult.txt",
			);
			runOnlyForDeploymentPostprocessing = 0;
			shellPath = /bin/sh;
			shellScript = "diff \"${PODS_PODFILE_DIR_PATH}/Podfile.lock\" \"${PODS_ROOT}/Manifest.lock\" > /dev/null\nif [ $? != 0 ] ; then\n    # print error to STDERR\n    echo \"error: The sandbox is not in sync with the Podfile.lock. Run 'pod install' or update your CocoaPods installation.\" >&2\n    exit 1\nfi\n# This output is used by Xcode 'outputs' to avoid re-running this script phase.\necho \"SUCCESS\" > \"${SCRIPT_OUTPUT_FILE_0}\"\n";
			showEnvVarsInLog = 0;
		};
/* End PBXShellScriptBuildPhase section */

/* Begin PBXSourcesBuildPhase section */
		3364A50B279F77E20045C983 /* Sources */ = {
			isa = PBXSourcesBuildPhase;
			buildActionMask = 2147483647;
			files = (
				33D3A45C27A2261200732B17 /* MainPresenter.swift in Sources */,
				3364A517279F77E20045C983 /* MainViewController.swift in Sources */,
				33D3A45827A1F22600732B17 /* AppFalabellaCoordinator.swift in Sources */,
				3364A513279F77E20045C983 /* AppDelegate.swift in Sources */,
				3364A515279F77E20045C983 /* SceneDelegate.swift in Sources */,
			);
			runOnlyForDeploymentPostprocessing = 0;
		};
/* End PBXSourcesBuildPhase section */

/* Begin PBXVariantGroup section */
		3364A518279F77E20045C983 /* Main.storyboard */ = {
			isa = PBXVariantGroup;
			children = (
				3364A519279F77E20045C983 /* Base */,
			);
			name = Main.storyboard;
			sourceTree = "<group>";
		};
		3364A51D279F77E40045C983 /* LaunchScreen.storyboard */ = {
			isa = PBXVariantGroup;
			children = (
				3364A51E279F77E40045C983 /* Base */,
			);
			name = LaunchScreen.storyboard;
			sourceTree = "<group>";
		};
/* End PBXVariantGroup section */

/* Begin XCBuildConfiguration section */
		3364A521279F77E40045C983 /* Debug */ = {
			isa = XCBuildConfiguration;
			buildSettings = {
				ALWAYS_SEARCH_USER_PATHS = NO;
				CLANG_ANALYZER_NONNULL = YES;
				CLANG_ANALYZER_NUMBER_OBJECT_CONVERSION = YES_AGGRESSIVE;
				CLANG_CXX_LANGUAGE_STANDARD = "gnu++17";
				CLANG_CXX_LIBRARY = "libc++";
				CLANG_ENABLE_MODULES = YES;
				CLANG_ENABLE_OBJC_ARC = YES;
				CLANG_ENABLE_OBJC_WEAK = YES;
				CLANG_WARN_BLOCK_CAPTURE_AUTORELEASING = YES;
				CLANG_WARN_BOOL_CONVERSION = YES;
				CLANG_WARN_COMMA = YES;
				CLANG_WARN_CONSTANT_CONVERSION = YES;
				CLANG_WARN_DEPRECATED_OBJC_IMPLEMENTATIONS = YES;
				CLANG_WARN_DIRECT_OBJC_ISA_USAGE = YES_ERROR;
				CLANG_WARN_DOCUMENTATION_COMMENTS = YES;
				CLANG_WARN_EMPTY_BODY = YES;
				CLANG_WARN_ENUM_CONVERSION = YES;
				CLANG_WARN_INFINITE_RECURSION = YES;
				CLANG_WARN_INT_CONVERSION = YES;
				CLANG_WARN_NON_LITERAL_NULL_CONVERSION = YES;
				CLANG_WARN_OBJC_IMPLICIT_RETAIN_SELF = YES;
				CLANG_WARN_OBJC_LITERAL_CONVERSION = YES;
				CLANG_WARN_OBJC_ROOT_CLASS = YES_ERROR;
				CLANG_WARN_QUOTED_INCLUDE_IN_FRAMEWORK_HEADER = YES;
				CLANG_WARN_RANGE_LOOP_ANALYSIS = YES;
				CLANG_WARN_STRICT_PROTOTYPES = YES;
				CLANG_WARN_SUSPICIOUS_MOVE = YES;
				CLANG_WARN_UNGUARDED_AVAILABILITY = YES_AGGRESSIVE;
				CLANG_WARN_UNREACHABLE_CODE = YES;
				CLANG_WARN__DUPLICATE_METHOD_MATCH = YES;
				COPY_PHASE_STRIP = NO;
				DEBUG_INFORMATION_FORMAT = dwarf;
				ENABLE_STRICT_OBJC_MSGSEND = YES;
				ENABLE_TESTABILITY = YES;
				GCC_C_LANGUAGE_STANDARD = gnu11;
				GCC_DYNAMIC_NO_PIC = NO;
				GCC_NO_COMMON_BLOCKS = YES;
				GCC_OPTIMIZATION_LEVEL = 0;
				GCC_PREPROCESSOR_DEFINITIONS = (
					"DEBUG=1",
					"$(inherited)",
				);
				GCC_WARN_64_TO_32_BIT_CONVERSION = YES;
				GCC_WARN_ABOUT_RETURN_TYPE = YES_ERROR;
				GCC_WARN_UNDECLARED_SELECTOR = YES;
				GCC_WARN_UNINITIALIZED_AUTOS = YES_AGGRESSIVE;
				GCC_WARN_UNUSED_FUNCTION = YES;
				GCC_WARN_UNUSED_VARIABLE = YES;
				IPHONEOS_DEPLOYMENT_TARGET = 15.0;
				MTL_ENABLE_DEBUG_INFO = INCLUDE_SOURCE;
				MTL_FAST_MATH = YES;
				ONLY_ACTIVE_ARCH = YES;
				SDKROOT = iphoneos;
				SWIFT_ACTIVE_COMPILATION_CONDITIONS = DEBUG;
				SWIFT_OPTIMIZATION_LEVEL = "-Onone";
			};
			name = Debug;
		};
		3364A522279F77E40045C983 /* Release */ = {
			isa = XCBuildConfiguration;
			buildSettings = {
				ALWAYS_SEARCH_USER_PATHS = NO;
				CLANG_ANALYZER_NONNULL = YES;
				CLANG_ANALYZER_NUMBER_OBJECT_CONVERSION = YES_AGGRESSIVE;
				CLANG_CXX_LANGUAGE_STANDARD = "gnu++17";
				CLANG_CXX_LIBRARY = "libc++";
				CLANG_ENABLE_MODULES = YES;
				CLANG_ENABLE_OBJC_ARC = YES;
				CLANG_ENABLE_OBJC_WEAK = YES;
				CLANG_WARN_BLOCK_CAPTURE_AUTORELEASING = YES;
				CLANG_WARN_BOOL_CONVERSION = YES;
				CLANG_WARN_COMMA = YES;
				CLANG_WARN_CONSTANT_CONVERSION = YES;
				CLANG_WARN_DEPRECATED_OBJC_IMPLEMENTATIONS = YES;
				CLANG_WARN_DIRECT_OBJC_ISA_USAGE = YES_ERROR;
				CLANG_WARN_DOCUMENTATION_COMMENTS = YES;
				CLANG_WARN_EMPTY_BODY = YES;
				CLANG_WARN_ENUM_CONVERSION = YES;
				CLANG_WARN_INFINITE_RECURSION = YES;
				CLANG_WARN_INT_CONVERSION = YES;
				CLANG_WARN_NON_LITERAL_NULL_CONVERSION = YES;
				CLANG_WARN_OBJC_IMPLICIT_RETAIN_SELF = YES;
				CLANG_WARN_OBJC_LITERAL_CONVERSION = YES;
				CLANG_WARN_OBJC_ROOT_CLASS = YES_ERROR;
				CLANG_WARN_QUOTED_INCLUDE_IN_FRAMEWORK_HEADER = YES;
				CLANG_WARN_RANGE_LOOP_ANALYSIS = YES;
				CLANG_WARN_STRICT_PROTOTYPES = YES;
				CLANG_WARN_SUSPICIOUS_MOVE = YES;
				CLANG_WARN_UNGUARDED_AVAILABILITY = YES_AGGRESSIVE;
				CLANG_WARN_UNREACHABLE_CODE = YES;
				CLANG_WARN__DUPLICATE_METHOD_MATCH = YES;
				COPY_PHASE_STRIP = NO;
				DEBUG_INFORMATION_FORMAT = "dwarf-with-dsym";
				ENABLE_NS_ASSERTIONS = NO;
				ENABLE_STRICT_OBJC_MSGSEND = YES;
				GCC_C_LANGUAGE_STANDARD = gnu11;
				GCC_NO_COMMON_BLOCKS = YES;
				GCC_WARN_64_TO_32_BIT_CONVERSION = YES;
				GCC_WARN_ABOUT_RETURN_TYPE = YES_ERROR;
				GCC_WARN_UNDECLARED_SELECTOR = YES;
				GCC_WARN_UNINITIALIZED_AUTOS = YES_AGGRESSIVE;
				GCC_WARN_UNUSED_FUNCTION = YES;
				GCC_WARN_UNUSED_VARIABLE = YES;
				IPHONEOS_DEPLOYMENT_TARGET = 15.0;
				MTL_ENABLE_DEBUG_INFO = NO;
				MTL_FAST_MATH = YES;
				SDKROOT = iphoneos;
				SWIFT_COMPILATION_MODE = wholemodule;
				SWIFT_OPTIMIZATION_LEVEL = "-O";
				VALIDATE_PRODUCT = YES;
			};
			name = Release;
		};
		3364A524279F77E40045C983 /* Debug */ = {
			isa = XCBuildConfiguration;
			baseConfigurationReference = 420D281B76347F005B83E2E2 /* Pods-Falabella-Challenge.debug.xcconfig */;
			buildSettings = {
				ASSETCATALOG_COMPILER_APPICON_NAME = AppIcon;
				ASSETCATALOG_COMPILER_GLOBAL_ACCENT_COLOR_NAME = AccentColor;
				CODE_SIGN_STYLE = Automatic;
				CURRENT_PROJECT_VERSION = 1;
				DEVELOPMENT_TEAM = 68GGNBWVC7;
				GENERATE_INFOPLIST_FILE = YES;
				INFOPLIST_FILE = "Falabella-Challenge/Info.plist";
				INFOPLIST_KEY_UIApplicationSupportsIndirectInputEvents = YES;
				INFOPLIST_KEY_UILaunchStoryboardName = LaunchScreen;
				INFOPLIST_KEY_UIMainStoryboardFile = Main;
				INFOPLIST_KEY_UISupportedInterfaceOrientations_iPad = "UIInterfaceOrientationPortrait UIInterfaceOrientationPortraitUpsideDown UIInterfaceOrientationLandscapeLeft UIInterfaceOrientationLandscapeRight";
				INFOPLIST_KEY_UISupportedInterfaceOrientations_iPhone = "UIInterfaceOrientationPortrait UIInterfaceOrientationLandscapeLeft UIInterfaceOrientationLandscapeRight";
				LD_RUNPATH_SEARCH_PATHS = (
					"$(inherited)",
					"@executable_path/Frameworks",
				);
				MARKETING_VERSION = 1.0;
				PRODUCT_BUNDLE_IDENTIFIER = "com.kevinmarin.Falabella-Challenge";
				PRODUCT_NAME = "$(TARGET_NAME)";
				SWIFT_EMIT_LOC_STRINGS = YES;
				SWIFT_VERSION = 5.0;
				TARGETED_DEVICE_FAMILY = "1,2";
			};
			name = Debug;
		};
		3364A525279F77E40045C983 /* Release */ = {
			isa = XCBuildConfiguration;
			baseConfigurationReference = 4E94AC06E4F04AFD4841D367 /* Pods-Falabella-Challenge.release.xcconfig */;
			buildSettings = {
				ASSETCATALOG_COMPILER_APPICON_NAME = AppIcon;
				ASSETCATALOG_COMPILER_GLOBAL_ACCENT_COLOR_NAME = AccentColor;
				CODE_SIGN_STYLE = Automatic;
				CURRENT_PROJECT_VERSION = 1;
				DEVELOPMENT_TEAM = 68GGNBWVC7;
				GENERATE_INFOPLIST_FILE = YES;
				INFOPLIST_FILE = "Falabella-Challenge/Info.plist";
				INFOPLIST_KEY_UIApplicationSupportsIndirectInputEvents = YES;
				INFOPLIST_KEY_UILaunchStoryboardName = LaunchScreen;
				INFOPLIST_KEY_UIMainStoryboardFile = Main;
				INFOPLIST_KEY_UISupportedInterfaceOrientations_iPad = "UIInterfaceOrientationPortrait UIInterfaceOrientationPortraitUpsideDown UIInterfaceOrientationLandscapeLeft UIInterfaceOrientationLandscapeRight";
				INFOPLIST_KEY_UISupportedInterfaceOrientations_iPhone = "UIInterfaceOrientationPortrait UIInterfaceOrientationLandscapeLeft UIInterfaceOrientationLandscapeRight";
				LD_RUNPATH_SEARCH_PATHS = (
					"$(inherited)",
					"@executable_path/Frameworks",
				);
				MARKETING_VERSION = 1.0;
				PRODUCT_BUNDLE_IDENTIFIER = "com.kevinmarin.Falabella-Challenge";
				PRODUCT_NAME = "$(TARGET_NAME)";
				SWIFT_EMIT_LOC_STRINGS = YES;
				SWIFT_VERSION = 5.0;
				TARGETED_DEVICE_FAMILY = "1,2";
			};
			name = Release;
		};
/* End XCBuildConfiguration section */

/* Begin XCConfigurationList section */
		3364A50A279F77E20045C983 /* Build configuration list for PBXProject "Falabella-Challenge" */ = {
			isa = XCConfigurationList;
			buildConfigurations = (
				3364A521279F77E40045C983 /* Debug */,
				3364A522279F77E40045C983 /* Release */,
			);
			defaultConfigurationIsVisible = 0;
			defaultConfigurationName = Release;
		};
		3364A523279F77E40045C983 /* Build configuration list for PBXNativeTarget "Falabella-Challenge" */ = {
			isa = XCConfigurationList;
			buildConfigurations = (
				3364A524279F77E40045C983 /* Debug */,
				3364A525279F77E40045C983 /* Release */,
			);
			defaultConfigurationIsVisible = 0;
			defaultConfigurationName = Release;
		};
/* End XCConfigurationList section */
	};
	rootObject = 3364A507279F77E20045C983 /* Project object */;
}
